<?xml version="1.0" encoding="utf-8"?>
<Project ToolsVersion="4.0" xmlns="http://schemas.microsoft.com/developer/msbuild/2003">
  <ItemGroup>
    <Filter Include="Pliki źródłowe">
      <UniqueIdentifier>{4FC737F1-C7A5-4376-A066-2A32D752A2FF}</UniqueIdentifier>
      <Extensions>cpp;c;cc;cxx;c++;cppm;ixx;def;odl;idl;hpj;bat;asm;asmx</Extensions>
    </Filter>
    <Filter Include="Pliki nagłówkowe">
      <UniqueIdentifier>{93995380-89BD-4b04-88EB-625FBE52EBFB}</UniqueIdentifier>
      <Extensions>h;hh;hpp;hxx;h++;hm;inl;inc;ipp;xsd</Extensions>
    </Filter>
    <Filter Include="Pliki zasobów">
      <UniqueIdentifier>{67DA6AB6-F800-4c08-8B7A-83BB121AAD01}</UniqueIdentifier>
      <Extensions>rc;ico;cur;bmp;dlg;rc2;rct;bin;rgs;gif;jpg;jpeg;jpe;resx;tiff;tif;png;wav;mfcribbon-ms</Extensions>
    </Filter>
    <Filter Include="Pliki nagłówkowe\Windows">
      <UniqueIdentifier>{15f10c5c-04c8-4088-9960-31ceed8680b4}</UniqueIdentifier>
    </Filter>
    <Filter Include="Pliki źródłowe\Windows">
      <UniqueIdentifier>{2b737a65-cf4f-4dcd-a87c-a5a5e0473515}</UniqueIdentifier>
    </Filter>
  </ItemGroup>
  <ItemGroup>
    <ClCompile Include="main.cpp">
      <Filter>Pliki źródłowe</Filter>
    </ClCompile>
    <ClCompile Include="tcp_client.h">
      <Filter>Pliki nagłówkowe</Filter>
    </ClCompile>
    <ClCompile Include="terminal.cpp">
      <Filter>Pliki źródłowe</Filter>
    </ClCompile>
    <ClCompile Include="tcp_client_windows.cpp">
      <Filter>Pliki źródłowe</Filter>
    </ClCompile>
    <ClCompile Include="repository.cpp">
      <Filter>Pliki źródłowe</Filter>
    </ClCompile>
    <ClCompile Include="logging.cpp">
      <Filter>Pliki źródłowe</Filter>
    </ClCompile>
    <ClCompile Include="renderer.cpp">
      <Filter>Pliki źródłowe</Filter>
    </ClCompile>
    <ClCompile Include="application.cpp">
      <Filter>Pliki źródłowe</Filter>
    </ClCompile>
    <ClCompile Include="client_document.cpp">
      <Filter>Pliki źródłowe</Filter>
    </ClCompile>
    <ClCompile Include="window_text_editor.cpp">
      <Filter>Pliki źródłowe\Windows</Filter>
    </ClCompile>
    <ClCompile Include="window_base.cpp">
      <Filter>Pliki źródłowe\Windows</Filter>
    </ClCompile>
    <ClCompile Include="screen_buffers.cpp">
      <Filter>Pliki źródłowe\Windows</Filter>
    </ClCompile>
    <ClCompile Include="screen_buffers_builder.cpp">
      <Filter>Pliki źródłowe\Windows</Filter>
    </ClCompile>
    <ClCompile Include="canvas.cpp">
      <Filter>Pliki źródłowe</Filter>
    </ClCompile>
    <ClCompile Include="windows_manager.cpp">
      <Filter>Pliki źródłowe</Filter>
    </ClCompile>
    <ClCompile Include="window_info.cpp">
      <Filter>Pliki źródłowe\Windows</Filter>
    </ClCompile>
    <ClCompile Include="window_menu.h">
      <Filter>Pliki nagłówkowe\Windows</Filter>
    </ClCompile>
    <ClCompile Include="window_menu.cpp">
      <Filter>Pliki źródłowe\Windows</Filter>
    </ClCompile>
    <ClCompile Include="window_helpers.cpp">
      <Filter>Pliki źródłowe\Windows</Filter>
    </ClCompile>
    <ClCompile Include="window_text_input.cpp">
      <Filter>Pliki źródłowe\Windows</Filter>
    </ClCompile>
    <ClCompile Include="application_event_handlers.cpp">
      <Filter>Pliki źródłowe</Filter>
    </ClCompile>
    <ClCompile Include="validator.cpp">
      <Filter>Pliki źródłowe</Filter>
    </ClCompile>
    <ClCompile Include="window_text_input_obsfucated.cpp">
      <Filter>Pliki źródłowe\Windows</Filter>
    </ClCompile>
  </ItemGroup>
  <ItemGroup>
    <ClInclude Include="terminal.h">
      <Filter>Pliki nagłówkowe</Filter>
    </ClInclude>
    <ClInclude Include="repository.h">
      <Filter>Pliki nagłówkowe</Filter>
    </ClInclude>
    <ClInclude Include="logging.h">
      <Filter>Pliki nagłówkowe</Filter>
    </ClInclude>
    <ClInclude Include="renderer.h">
      <Filter>Pliki nagłówkowe</Filter>
    </ClInclude>
    <ClInclude Include="application.h">
      <Filter>Pliki nagłówkowe</Filter>
    </ClInclude>
    <ClInclude Include="client_document.h">
      <Filter>Pliki nagłówkowe</Filter>
    </ClInclude>
    <ClInclude Include="keypack.h">
      <Filter>Pliki nagłówkowe</Filter>
    </ClInclude>
    <ClInclude Include="window_base.h">
      <Filter>Pliki nagłówkowe\Windows</Filter>
    </ClInclude>
    <ClInclude Include="window_text_editor.h">
      <Filter>Pliki nagłówkowe\Windows</Filter>
    </ClInclude>
    <ClInclude Include="screen_buffers.h">
      <Filter>Pliki nagłówkowe\Windows</Filter>
    </ClInclude>
    <ClInclude Include="screen_buffers_builder.h">
      <Filter>Pliki nagłówkowe\Windows</Filter>
    </ClInclude>
    <ClInclude Include="canvas.h">
      <Filter>Pliki nagłówkowe</Filter>
    </ClInclude>
    <ClInclude Include="windows_manager.h">
      <Filter>Pliki nagłówkowe</Filter>
    </ClInclude>
    <ClInclude Include="events.h">
      <Filter>Pliki nagłówkowe\Windows</Filter>
    </ClInclude>
    <ClInclude Include="window_info.h">
      <Filter>Pliki nagłówkowe\Windows</Filter>
    </ClInclude>
    <ClInclude Include="window_helpers.h">
      <Filter>Pliki nagłówkowe\Windows</Filter>
    </ClInclude>
    <ClInclude Include="window_text_input.h">
      <Filter>Pliki nagłówkowe\Windows</Filter>
    </ClInclude>
    <ClInclude Include="application_event_handlers.h">
      <Filter>Pliki nagłówkowe</Filter>
    </ClInclude>
    <ClInclude Include="validator.h">
      <Filter>Pliki nagłówkowe</Filter>
    </ClInclude>
    <ClInclude Include="window_text_input_obsfucated.h">
      <Filter>Pliki nagłówkowe\Windows</Filter>
    </ClInclude>
  </ItemGroup>
</Project>