
Microsoft Visual Studio Solution File, Format Version 12.00
# Visual Studio Version 17
VisualStudioVersion = 17.6.33829.357
MinimumVisualStudioVersion = 10.0.40219.1
Project("{8BC9CEB8-8B4A-11D0-8D11-00A0C91BC942}") = "Client", "Client\Client.vcxproj", "{C6B1BF4F-D67B-4E55-8406-844F408AFFA2}"
	ProjectSection(ProjectDependencies) = postProject
		{35FFF3D9-A0DE-44F8-8C78-8C731A78FD27} = {35FFF3D9-A0DE-44F8-8C78-8C731A78FD27}
	EndProjectSection
EndProject
Project("{8BC9CEB8-8B4A-11D0-8D11-00A0C91BC942}") = "Document", "Document\Document.vcxproj", "{35FFF3D9-A0DE-44F8-8C78-8C731A78FD27}"
EndProject
Project("{8BC9CEB8-8B4A-11D0-8D11-00A0C91BC942}") = "Test", "Test\Test.vcxproj", "{391DCE06-FCD7-44F2-A90E-632120D14F0D}"
	ProjectSection(ProjectDependencies) = postProject
		{17B3342D-55FF-40B6-917D-EAF43C7FE265} = {17B3342D-55FF-40B6-917D-EAF43C7FE265}
		{C6B1BF4F-D67B-4E55-8406-844F408AFFA2} = {C6B1BF4F-D67B-4E55-8406-844F408AFFA2}
	EndProjectSection
EndProject
Project("{8BC9CEB8-8B4A-11D0-8D11-00A0C91BC942}") = "Server", "Server\Server.vcxproj", "{17B3342D-55FF-40B6-917D-EAF43C7FE265}"
	ProjectSection(ProjectDependencies) = postProject
		{35FFF3D9-A0DE-44F8-8C78-8C731A78FD27} = {35FFF3D9-A0DE-44F8-8C78-8C731A78FD27}
	EndProjectSection
EndProject
Project("{8BC9CEB8-8B4A-11D0-8D11-00A0C91BC942}") = "RandomClient", "RandomClient\RandomClient.vcxproj", "{BA147157-9D8B-43D7-8F7B-B78DB379D0E6}"
	ProjectSection(ProjectDependencies) = postProject
		{C6B1BF4F-D67B-4E55-8406-844F408AFFA2} = {C6B1BF4F-D67B-4E55-8406-844F408AFFA2}
	EndProjectSection
EndProject
Project("{8BC9CEB8-8B4A-11D0-8D11-00A0C91BC942}") = "Protocol", "Protocol\Protocol.vcxproj", "{678F5027-D666-49F3-8F8F-07BDFBB01944}"
EndProject
Project("{8BC9CEB8-8B4A-11D0-8D11-00A0C91BC942}") = "TestRandomClientServerSync", "TestRandomClientServerSync\TestRandomClientServerSync.vcxproj", "{4E39BC8C-1468-4217-ACFB-D7DE30562C0D}"
EndProject
Project("{8BC9CEB8-8B4A-11D0-8D11-00A0C91BC942}") = "RandomEngine", "RandomEngine\RandomEngine.vcxproj", "{20D36FF5-B69D-4F25-8C7E-8A99AE6D8E86}"
EndProject
Project("{8BC9CEB8-8B4A-11D0-8D11-00A0C91BC942}") = "Tmp", "Tmp\Tmp.vcxproj", "{6DFD855E-D7B6-4429-8F55-862517587148}"
EndProject
Global
	GlobalSection(SolutionConfigurationPlatforms) = preSolution
		Debug|x64 = Debug|x64
		Debug|x86 = Debug|x86
		Release|x64 = Release|x64
		Release|x86 = Release|x86
	EndGlobalSection
	GlobalSection(ProjectConfigurationPlatforms) = postSolution
		{C6B1BF4F-D67B-4E55-8406-844F408AFFA2}.Debug|x64.ActiveCfg = Debug|x64
		{C6B1BF4F-D67B-4E55-8406-844F408AFFA2}.Debug|x64.Build.0 = Debug|x64
		{C6B1BF4F-D67B-4E55-8406-844F408AFFA2}.Debug|x86.ActiveCfg = Debug|Win32
		{C6B1BF4F-D67B-4E55-8406-844F408AFFA2}.Debug|x86.Build.0 = Debug|Win32
		{C6B1BF4F-D67B-4E55-8406-844F408AFFA2}.Release|x64.ActiveCfg = Release|x64
		{C6B1BF4F-D67B-4E55-8406-844F408AFFA2}.Release|x64.Build.0 = Release|x64
		{C6B1BF4F-D67B-4E55-8406-844F408AFFA2}.Release|x86.ActiveCfg = Release|Win32
		{C6B1BF4F-D67B-4E55-8406-844F408AFFA2}.Release|x86.Build.0 = Release|Win32
		{35FFF3D9-A0DE-44F8-8C78-8C731A78FD27}.Debug|x64.ActiveCfg = Debug|x64
		{35FFF3D9-A0DE-44F8-8C78-8C731A78FD27}.Debug|x64.Build.0 = Debug|x64
		{35FFF3D9-A0DE-44F8-8C78-8C731A78FD27}.Debug|x86.ActiveCfg = Debug|Win32
		{35FFF3D9-A0DE-44F8-8C78-8C731A78FD27}.Debug|x86.Build.0 = Debug|Win32
		{35FFF3D9-A0DE-44F8-8C78-8C731A78FD27}.Release|x64.ActiveCfg = Release|x64
		{35FFF3D9-A0DE-44F8-8C78-8C731A78FD27}.Release|x64.Build.0 = Release|x64
		{35FFF3D9-A0DE-44F8-8C78-8C731A78FD27}.Release|x86.ActiveCfg = Release|Win32
		{35FFF3D9-A0DE-44F8-8C78-8C731A78FD27}.Release|x86.Build.0 = Release|Win32
		{391DCE06-FCD7-44F2-A90E-632120D14F0D}.Debug|x64.ActiveCfg = Debug|x64
		{391DCE06-FCD7-44F2-A90E-632120D14F0D}.Debug|x64.Build.0 = Debug|x64
		{391DCE06-FCD7-44F2-A90E-632120D14F0D}.Debug|x86.ActiveCfg = Debug|Win32
		{391DCE06-FCD7-44F2-A90E-632120D14F0D}.Debug|x86.Build.0 = Debug|Win32
		{391DCE06-FCD7-44F2-A90E-632120D14F0D}.Release|x64.ActiveCfg = Release|x64
		{391DCE06-FCD7-44F2-A90E-632120D14F0D}.Release|x64.Build.0 = Release|x64
		{391DCE06-FCD7-44F2-A90E-632120D14F0D}.Release|x86.ActiveCfg = Release|Win32
		{391DCE06-FCD7-44F2-A90E-632120D14F0D}.Release|x86.Build.0 = Release|Win32
		{17B3342D-55FF-40B6-917D-EAF43C7FE265}.Debug|x64.ActiveCfg = Debug|x64
		{17B3342D-55FF-40B6-917D-EAF43C7FE265}.Debug|x64.Build.0 = Debug|x64
		{17B3342D-55FF-40B6-917D-EAF43C7FE265}.Debug|x86.ActiveCfg = Debug|Win32
		{17B3342D-55FF-40B6-917D-EAF43C7FE265}.Debug|x86.Build.0 = Debug|Win32
		{17B3342D-55FF-40B6-917D-EAF43C7FE265}.Release|x64.ActiveCfg = Release|x64
		{17B3342D-55FF-40B6-917D-EAF43C7FE265}.Release|x64.Build.0 = Release|x64
		{17B3342D-55FF-40B6-917D-EAF43C7FE265}.Release|x86.ActiveCfg = Release|Win32
		{17B3342D-55FF-40B6-917D-EAF43C7FE265}.Release|x86.Build.0 = Release|Win32
		{BA147157-9D8B-43D7-8F7B-B78DB379D0E6}.Debug|x64.ActiveCfg = Debug|x64
		{BA147157-9D8B-43D7-8F7B-B78DB379D0E6}.Debug|x64.Build.0 = Debug|x64
		{BA147157-9D8B-43D7-8F7B-B78DB379D0E6}.Debug|x86.ActiveCfg = Debug|Win32
		{BA147157-9D8B-43D7-8F7B-B78DB379D0E6}.Debug|x86.Build.0 = Debug|Win32
		{BA147157-9D8B-43D7-8F7B-B78DB379D0E6}.Release|x64.ActiveCfg = Release|x64
		{BA147157-9D8B-43D7-8F7B-B78DB379D0E6}.Release|x64.Build.0 = Release|x64
		{BA147157-9D8B-43D7-8F7B-B78DB379D0E6}.Release|x86.ActiveCfg = Release|Win32
		{BA147157-9D8B-43D7-8F7B-B78DB379D0E6}.Release|x86.Build.0 = Release|Win32
		{678F5027-D666-49F3-8F8F-07BDFBB01944}.Debug|x64.ActiveCfg = Debug|x64
		{678F5027-D666-49F3-8F8F-07BDFBB01944}.Debug|x64.Build.0 = Debug|x64
		{678F5027-D666-49F3-8F8F-07BDFBB01944}.Debug|x86.ActiveCfg = Debug|Win32
		{678F5027-D666-49F3-8F8F-07BDFBB01944}.Debug|x86.Build.0 = Debug|Win32
		{678F5027-D666-49F3-8F8F-07BDFBB01944}.Release|x64.ActiveCfg = Release|x64
		{678F5027-D666-49F3-8F8F-07BDFBB01944}.Release|x64.Build.0 = Release|x64
		{678F5027-D666-49F3-8F8F-07BDFBB01944}.Release|x86.ActiveCfg = Release|Win32
		{678F5027-D666-49F3-8F8F-07BDFBB01944}.Release|x86.Build.0 = Release|Win32
		{4E39BC8C-1468-4217-ACFB-D7DE30562C0D}.Debug|x64.ActiveCfg = Debug|x64
		{4E39BC8C-1468-4217-ACFB-D7DE30562C0D}.Debug|x64.Build.0 = Debug|x64
		{4E39BC8C-1468-4217-ACFB-D7DE30562C0D}.Debug|x86.ActiveCfg = Debug|Win32
		{4E39BC8C-1468-4217-ACFB-D7DE30562C0D}.Debug|x86.Build.0 = Debug|Win32
		{4E39BC8C-1468-4217-ACFB-D7DE30562C0D}.Release|x64.ActiveCfg = Release|x64
		{4E39BC8C-1468-4217-ACFB-D7DE30562C0D}.Release|x64.Build.0 = Release|x64
		{4E39BC8C-1468-4217-ACFB-D7DE30562C0D}.Release|x86.ActiveCfg = Release|Win32
		{4E39BC8C-1468-4217-ACFB-D7DE30562C0D}.Release|x86.Build.0 = Release|Win32
		{20D36FF5-B69D-4F25-8C7E-8A99AE6D8E86}.Debug|x64.ActiveCfg = Debug|x64
		{20D36FF5-B69D-4F25-8C7E-8A99AE6D8E86}.Debug|x64.Build.0 = Debug|x64
		{20D36FF5-B69D-4F25-8C7E-8A99AE6D8E86}.Debug|x86.ActiveCfg = Debug|Win32
		{20D36FF5-B69D-4F25-8C7E-8A99AE6D8E86}.Debug|x86.Build.0 = Debug|Win32
		{20D36FF5-B69D-4F25-8C7E-8A99AE6D8E86}.Release|x64.ActiveCfg = Release|x64
		{20D36FF5-B69D-4F25-8C7E-8A99AE6D8E86}.Release|x64.Build.0 = Release|x64
		{20D36FF5-B69D-4F25-8C7E-8A99AE6D8E86}.Release|x86.ActiveCfg = Release|Win32
		{20D36FF5-B69D-4F25-8C7E-8A99AE6D8E86}.Release|x86.Build.0 = Release|Win32
		{6DFD855E-D7B6-4429-8F55-862517587148}.Debug|x64.ActiveCfg = Debug|x64
		{6DFD855E-D7B6-4429-8F55-862517587148}.Debug|x64.Build.0 = Debug|x64
		{6DFD855E-D7B6-4429-8F55-862517587148}.Debug|x86.ActiveCfg = Debug|Win32
		{6DFD855E-D7B6-4429-8F55-862517587148}.Debug|x86.Build.0 = Debug|Win32
		{6DFD855E-D7B6-4429-8F55-862517587148}.Release|x64.ActiveCfg = Release|x64
		{6DFD855E-D7B6-4429-8F55-862517587148}.Release|x64.Build.0 = Release|x64
		{6DFD855E-D7B6-4429-8F55-862517587148}.Release|x86.ActiveCfg = Release|Win32
		{6DFD855E-D7B6-4429-8F55-862517587148}.Release|x86.Build.0 = Release|Win32
	EndGlobalSection
	GlobalSection(SolutionProperties) = preSolution
		HideSolutionNode = FALSE
	EndGlobalSection
	GlobalSection(ExtensibilityGlobals) = postSolution
		SolutionGuid = {1978CB5E-805D-4BBC-9372-95EAFE0C12EC}
	EndGlobalSection
EndGlobal
